
Microsoft Visual Studio Solution File, Format Version 12.00
# Visual Studio Version 17
VisualStudioVersion = 17.0.31903.59
MinimumVisualStudioVersion = 10.0.40219.1
Project("{FAE04EC0-301F-11D3-BF4B-00C04F79EFBC}") = "LetterBox.API", "src\LetterBox.API\LetterBox.API.csproj", "{7A7E5BC2-CD89-473C-843E-420079873B9E}"
EndProject
Project("{FAE04EC0-301F-11D3-BF4B-00C04F79EFBC}") = "LetterBox.Infrastructure", "src\LetterBox.Infrastructure\LetterBox.Infrastructure.csproj", "{DE045688-F048-467E-A8B5-355158FAF324}"
EndProject
Project("{FAE04EC0-301F-11D3-BF4B-00C04F79EFBC}") = "LetterBox.Domain", "src\LetterBox.Domain\LetterBox.Domain.csproj", "{931AC6D6-8E85-4589-9607-5F32B36B0158}"
EndProject
Project("{FAE04EC0-301F-11D3-BF4B-00C04F79EFBC}") = "LetterBox.Application", "src\LetterBox.Application\LetterBox.Application.csproj", "{92BC2123-E95C-4359-89A3-9E78CB96073E}"
EndProject
Project("{FAE04EC0-301F-11D3-BF4B-00C04F79EFBC}") = "LetterBox.Contracts", "src\LetterBox.Contracts\LetterBox.Contracts.csproj", "{9E4BD554-E1D0-4C24-9859-90A7BB962793}"
EndProject
Project("{FAE04EC0-301F-11D3-BF4B-00C04F79EFBC}") = "LetterBox.Infrastructure.Authentication", "src\LetterBox.Infrastructure.Authentication\LetterBox.Infrastructure.Authentication.csproj", "{8B8C807C-F6E4-4526-A17E-0E917C78D7EE}"
EndProject
Global
	GlobalSection(SolutionConfigurationPlatforms) = preSolution
		Debug|Any CPU = Debug|Any CPU
		Release|Any CPU = Release|Any CPU
	EndGlobalSection
	GlobalSection(ProjectConfigurationPlatforms) = postSolution
		{7A7E5BC2-CD89-473C-843E-420079873B9E}.Debug|Any CPU.ActiveCfg = Debug|Any CPU
		{7A7E5BC2-CD89-473C-843E-420079873B9E}.Debug|Any CPU.Build.0 = Debug|Any CPU
		{7A7E5BC2-CD89-473C-843E-420079873B9E}.Release|Any CPU.ActiveCfg = Release|Any CPU
		{7A7E5BC2-CD89-473C-843E-420079873B9E}.Release|Any CPU.Build.0 = Release|Any CPU
		{DE045688-F048-467E-A8B5-355158FAF324}.Debug|Any CPU.ActiveCfg = Debug|Any CPU
		{DE045688-F048-467E-A8B5-355158FAF324}.Debug|Any CPU.Build.0 = Debug|Any CPU
		{DE045688-F048-467E-A8B5-355158FAF324}.Release|Any CPU.ActiveCfg = Release|Any CPU
		{DE045688-F048-467E-A8B5-355158FAF324}.Release|Any CPU.Build.0 = Release|Any CPU
		{931AC6D6-8E85-4589-9607-5F32B36B0158}.Debug|Any CPU.ActiveCfg = Debug|Any CPU
		{931AC6D6-8E85-4589-9607-5F32B36B0158}.Debug|Any CPU.Build.0 = Debug|Any CPU
		{931AC6D6-8E85-4589-9607-5F32B36B0158}.Release|Any CPU.ActiveCfg = Release|Any CPU
		{931AC6D6-8E85-4589-9607-5F32B36B0158}.Release|Any CPU.Build.0 = Release|Any CPU
		{92BC2123-E95C-4359-89A3-9E78CB96073E}.Debug|Any CPU.ActiveCfg = Debug|Any CPU
		{92BC2123-E95C-4359-89A3-9E78CB96073E}.Debug|Any CPU.Build.0 = Debug|Any CPU
		{92BC2123-E95C-4359-89A3-9E78CB96073E}.Release|Any CPU.ActiveCfg = Release|Any CPU
		{92BC2123-E95C-4359-89A3-9E78CB96073E}.Release|Any CPU.Build.0 = Release|Any CPU
		{9E4BD554-E1D0-4C24-9859-90A7BB962793}.Debug|Any CPU.ActiveCfg = Debug|Any CPU
		{9E4BD554-E1D0-4C24-9859-90A7BB962793}.Debug|Any CPU.Build.0 = Debug|Any CPU
		{9E4BD554-E1D0-4C24-9859-90A7BB962793}.Release|Any CPU.ActiveCfg = Release|Any CPU
		{9E4BD554-E1D0-4C24-9859-90A7BB962793}.Release|Any CPU.Build.0 = Release|Any CPU
		{8B8C807C-F6E4-4526-A17E-0E917C78D7EE}.Debug|Any CPU.ActiveCfg = Debug|Any CPU
		{8B8C807C-F6E4-4526-A17E-0E917C78D7EE}.Debug|Any CPU.Build.0 = Debug|Any CPU
		{8B8C807C-F6E4-4526-A17E-0E917C78D7EE}.Release|Any CPU.ActiveCfg = Release|Any CPU
		{8B8C807C-F6E4-4526-A17E-0E917C78D7EE}.Release|Any CPU.Build.0 = Release|Any CPU
	EndGlobalSection
	GlobalSection(SolutionProperties) = preSolution
		HideSolutionNode = FALSE
	EndGlobalSection
	GlobalSection(ExtensibilityGlobals) = postSolution
		SolutionGuid = {E87CCA10-1AE4-4758-A4A4-C81B961005F4}
	EndGlobalSection
EndGlobal
